
Microsoft Visual Studio Solution File, Format Version 12.00
# Visual Studio 15
VisualStudioVersion = 15.0.28307.960
MinimumVisualStudioVersion = 10.0.40219.1
Project("{FAE04EC0-301F-11D3-BF4B-00C04F79EFBC}") = "QuanLyBanHang_MaiKet", "QuanLyBanHang_MaiKet\QuanLyBanHang_MaiKet.csproj", "{9E867647-B45E-4FFB-936D-7F6249192BB3}"
EndProject
Global
	GlobalSection(SolutionConfigurationPlatforms) = preSolution
		All|Any CPU = All|Any CPU
		Debug|Any CPU = Debug|Any CPU
		Release|Any CPU = Release|Any CPU
	EndGlobalSection
	GlobalSection(ProjectConfigurationPlatforms) = postSolution
		{9E867647-B45E-4FFB-936D-7F6249192BB3}.All|Any CPU.ActiveCfg = Release|Any CPU
		{9E867647-B45E-4FFB-936D-7F6249192BB3}.All|Any CPU.Build.0 = Release|Any CPU
		{9E867647-B45E-4FFB-936D-7F6249192BB3}.Debug|Any CPU.ActiveCfg = Debug|Any CPU
		{9E867647-B45E-4FFB-936D-7F6249192BB3}.Debug|Any CPU.Build.0 = Debug|Any CPU
		{9E867647-B45E-4FFB-936D-7F6249192BB3}.Release|Any CPU.ActiveCfg = Release|Any CPU
		{9E867647-B45E-4FFB-936D-7F6249192BB3}.Release|Any CPU.Build.0 = Release|Any CPU
	EndGlobalSection
	GlobalSection(SolutionProperties) = preSolution
		HideSolutionNode = FALSE
	EndGlobalSection
	GlobalSection(ExtensibilityGlobals) = postSolution
		SolutionGuid = {D105EB42-A6E8-48F2-A9EA-0AE1644221F4}
	EndGlobalSection
EndGlobal
